
Microsoft Visual Studio Solution File, Format Version 12.00
# Visual Studio Version 17
VisualStudioVersion = 17.0.32014.148
MinimumVisualStudioVersion = 10.0.40219.1
Project("{9A19103F-16F7-4668-BE54-9A1E7A4F7556}") = "Uberduck.NET", "Uberduck.NET\Uberduck.NET.csproj", "{04655485-7D23-42B0-98BD-15B44DD12836}"
EndProject
Project("{2150E333-8FDC-42A3-9474-1A3956D46DE8}") = "Uberduck.NET.Tests", "Uberduck.NET.Tests", "{757391EA-F807-49F5-8237-6998E0280E4D}"
EndProject
Project("{FAE04EC0-301F-11D3-BF4B-00C04F79EFBC}") = "Console.Tests", "Console.Tests\Console.Tests.csproj", "{40AE216E-03AE-4A1B-9627-5306A00728CA}"
EndProject
Global
	GlobalSection(SolutionConfigurationPlatforms) = preSolution
		Debug|Any CPU = Debug|Any CPU
		Release|Any CPU = Release|Any CPU
	EndGlobalSection
	GlobalSection(ProjectConfigurationPlatforms) = postSolution
		{04655485-7D23-42B0-98BD-15B44DD12836}.Debug|Any CPU.ActiveCfg = Debug|Any CPU
		{04655485-7D23-42B0-98BD-15B44DD12836}.Debug|Any CPU.Build.0 = Debug|Any CPU
		{04655485-7D23-42B0-98BD-15B44DD12836}.Release|Any CPU.ActiveCfg = Release|Any CPU
		{04655485-7D23-42B0-98BD-15B44DD12836}.Release|Any CPU.Build.0 = Release|Any CPU
		{40AE216E-03AE-4A1B-9627-5306A00728CA}.Debug|Any CPU.ActiveCfg = Debug|Any CPU
		{40AE216E-03AE-4A1B-9627-5306A00728CA}.Debug|Any CPU.Build.0 = Debug|Any CPU
		{40AE216E-03AE-4A1B-9627-5306A00728CA}.Release|Any CPU.ActiveCfg = Release|Any CPU
		{40AE216E-03AE-4A1B-9627-5306A00728CA}.Release|Any CPU.Build.0 = Release|Any CPU
	EndGlobalSection
	GlobalSection(SolutionProperties) = preSolution
		HideSolutionNode = FALSE
	EndGlobalSection
	GlobalSection(NestedProjects) = preSolution
		{40AE216E-03AE-4A1B-9627-5306A00728CA} = {757391EA-F807-49F5-8237-6998E0280E4D}
	EndGlobalSection
	GlobalSection(ExtensibilityGlobals) = postSolution
		SolutionGuid = {898B8E15-2271-4EC4-9A36-C1094FA04F4B}
	EndGlobalSection
EndGlobal
